{
    "version": 3,
    "terraform_version": "0.11.14",
    "serial": 117,
    "lineage": "ca28f7aa-ef15-131a-2eef-1fa614815063",
    "modules": [
        {
            "path": [
                "root"
            ],
            "outputs": {
                "default_tags": {
                    "sensitive": false,
                    "type": "map",
                    "value": {}
                },
                "inventory": {
                    "sensitive": false,
                    "type": "string",
                    "value": "[all]\nkubernetes-myk8scluster-master0 ansible_host=18.207.197.149\nkubernetes-myk8scluster-worker0 ansible_host=52.23.248.60\n\n[kube-master]\nkubernetes-myk8scluster-master0\n\n\n[kube-node]\nkubernetes-myk8scluster-worker0\n\n\n[k8s-cluster:children]\nkube-node\nkube-master\n\n[k8s-cluster:vars]\napiserver_loadbalancer_domain_name=\"kubernetes-elb-myk8scluster-936138238.us-east-1.elb.amazonaws.com\"\napi_port=\"6443\"\n"
                },
                "masters": {
                    "sensitive": false,
                    "type": "string",
                    "value": "18.207.197.149"
                },
                "workers": {
                    "sensitive": false,
                    "type": "string",
                    "value": "52.23.248.60"
                }
            },
            "resources": {
                "aws_elb_attachment.attach_master_nodes": {
                    "type": "aws_elb_attachment",
                    "depends_on": [
                        "aws_instance.k8s-master.*",
                        "module.aws-elb"
                    ],
                    "primary": {
                        "id": "kubernetes-elb-myk8scluster-20200113121322937700000001",
                        "attributes": {
                            "elb": "kubernetes-elb-myk8scluster",
                            "id": "kubernetes-elb-myk8scluster-20200113121322937700000001",
                            "instance": "i-04917f02e4d090ce8"
                        },
                        "meta": {},
                        "tainted": false
                    },
                    "deposed": [],
                    "provider": "provider.aws"
                },
                "aws_instance.k8s-master": {
                    "type": "aws_instance",
                    "depends_on": [
                        "data.aws_ami.distro",
                        "data.aws_availability_zones.available",
                        "module.aws-iam",
                        "module.aws-vpc"
                    ],
                    "primary": {
                        "id": "i-04917f02e4d090ce8",
                        "attributes": {
                            "ami": "ami-09f9d773751b9d606",
                            "arn": "arn:aws:ec2:us-east-1:847840819161:instance/i-04917f02e4d090ce8",
                            "associate_public_ip_address": "true",
                            "availability_zone": "us-east-1a",
                            "cpu_core_count": "2",
                            "cpu_threads_per_core": "1",
                            "credit_specification.#": "1",
                            "credit_specification.0.cpu_credits": "standard",
                            "disable_api_termination": "false",
                            "ebs_block_device.#": "0",
                            "ebs_optimized": "false",
                            "ephemeral_block_device.#": "0",
                            "get_password_data": "false",
                            "iam_instance_profile": "kube_myk8scluster_master_profile",
                            "id": "i-04917f02e4d090ce8",
                            "instance_state": "running",
                            "instance_type": "t2.medium",
                            "ipv6_address_count": "0",
                            "ipv6_addresses.#": "0",
                            "key_name": "devPair",
                            "monitoring": "false",
                            "network_interface.#": "0",
                            "password_data": "",
                            "placement_group": "",
                            "primary_network_interface_id": "eni-088498ccabebc01e5",
                            "private_dns": "ip-10-250-179-96.ec2.internal",
                            "private_ip": "10.250.179.96",
                            "public_dns": "ec2-18-207-197-149.compute-1.amazonaws.com",
                            "public_ip": "18.207.197.149",
                            "root_block_device.#": "1",
                            "root_block_device.0.delete_on_termination": "true",
                            "root_block_device.0.encrypted": "false",
                            "root_block_device.0.iops": "100",
                            "root_block_device.0.kms_key_id": "",
                            "root_block_device.0.volume_id": "vol-00ca1fd361c8341b1",
                            "root_block_device.0.volume_size": "8",
                            "root_block_device.0.volume_type": "gp2",
                            "security_groups.#": "0",
                            "source_dest_check": "true",
                            "subnet_id": "subnet-0216db73f4fb9d0be",
                            "tags.%": "3",
                            "tags.Name": "kubernetes-myk8scluster-master0",
                            "tags.Role": "master",
                            "tags.kubernetes.io/cluster/myk8scluster": "member",
                            "tenancy": "default",
                            "volume_tags.%": "0",
                            "vpc_security_group_ids.#": "1",
                            "vpc_security_group_ids.3398354895": "sg-0d63ab52f57a14652"
                        },
                        "meta": {
                            "e2bfb730-ecaa-11e6-8f88-34363bc7c4c0": {
                                "create": 600000000000,
                                "delete": 1200000000000,
                                "update": 600000000000
                            },
                            "schema_version": "1"
                        },
                        "tainted": false
                    },
                    "deposed": [],
                    "provider": "provider.aws"
                },
                "aws_instance.k8s-worker": {
                    "type": "aws_instance",
                    "depends_on": [
                        "data.aws_ami.distro",
                        "data.aws_availability_zones.available",
                        "module.aws-iam",
                        "module.aws-vpc"
                    ],
                    "primary": {
                        "id": "i-0ad3d6f1a917f2208",
                        "attributes": {
                            "ami": "ami-09f9d773751b9d606",
                            "arn": "arn:aws:ec2:us-east-1:847840819161:instance/i-0ad3d6f1a917f2208",
                            "associate_public_ip_address": "true",
                            "availability_zone": "us-east-1a",
                            "cpu_core_count": "2",
                            "cpu_threads_per_core": "1",
                            "credit_specification.#": "1",
                            "credit_specification.0.cpu_credits": "standard",
                            "disable_api_termination": "false",
                            "ebs_block_device.#": "0",
                            "ebs_optimized": "false",
                            "ephemeral_block_device.#": "0",
                            "get_password_data": "false",
                            "iam_instance_profile": "kube_myk8scluster_node_profile",
                            "id": "i-0ad3d6f1a917f2208",
                            "instance_state": "running",
                            "instance_type": "t2.medium",
                            "ipv6_address_count": "0",
                            "ipv6_addresses.#": "0",
                            "key_name": "devPair",
                            "monitoring": "false",
                            "network_interface.#": "0",
                            "password_data": "",
                            "placement_group": "",
                            "primary_network_interface_id": "eni-0b40c9c62d78a9671",
                            "private_dns": "ip-10-250-189-35.ec2.internal",
                            "private_ip": "10.250.189.35",
                            "public_dns": "ec2-52-23-248-60.compute-1.amazonaws.com",
                            "public_ip": "52.23.248.60",
                            "root_block_device.#": "1",
                            "root_block_device.0.delete_on_termination": "true",
                            "root_block_device.0.encrypted": "false",
                            "root_block_device.0.iops": "100",
                            "root_block_device.0.kms_key_id": "",
                            "root_block_device.0.volume_id": "vol-068a730ac4f7d9805",
                            "root_block_device.0.volume_size": "8",
                            "root_block_device.0.volume_type": "gp2",
                            "security_groups.#": "0",
                            "source_dest_check": "true",
                            "subnet_id": "subnet-0216db73f4fb9d0be",
                            "tags.%": "3",
                            "tags.Name": "kubernetes-myk8scluster-worker0",
                            "tags.Role": "worker",
                            "tags.kubernetes.io/cluster/myk8scluster": "member",
                            "tenancy": "default",
                            "volume_tags.%": "0",
                            "vpc_security_group_ids.#": "1",
                            "vpc_security_group_ids.3398354895": "sg-0d63ab52f57a14652"
                        },
                        "meta": {
                            "e2bfb730-ecaa-11e6-8f88-34363bc7c4c0": {
                                "create": 600000000000,
                                "delete": 1200000000000,
                                "update": 600000000000
                            },
                            "schema_version": "1"
                        },
                        "tainted": false
                    },
                    "deposed": [],
                    "provider": "provider.aws"
                },
                "aws_security_group_rule.k8s_servers": {
                    "type": "aws_security_group_rule",
                    "depends_on": [
                        "aws_instance.k8s-master.*",
                        "aws_instance.k8s-worker.*",
                        "module.aws-elb"
                    ],
                    "primary": {
                        "id": "sgrule-2324687526",
                        "attributes": {
                            "cidr_blocks.#": "2",
                            "cidr_blocks.0": "18.207.197.149/32",
                            "cidr_blocks.1": "52.23.248.60/32",
                            "description": "k8s servers",
                            "from_port": "6443",
                            "id": "sgrule-2324687526",
                            "protocol": "tcp",
                            "security_group_id": "sg-0b339008a00d6c9c5",
                            "self": "false",
                            "to_port": "6443",
                            "type": "ingress"
                        },
                        "meta": {
                            "schema_version": "2"
                        },
                        "tainted": false
                    },
                    "deposed": [],
                    "provider": "provider.aws"
                },
                "data.aws_ami.distro": {
                    "type": "aws_ami",
                    "depends_on": [],
                    "primary": {
                        "id": "ami-09f9d773751b9d606",
                        "attributes": {
                            "architecture": "x86_64",
                            "block_device_mappings.#": "3",
                            "block_device_mappings.1634610537.device_name": "/dev/sdb",
                            "block_device_mappings.1634610537.ebs.%": "0",
                            "block_device_mappings.1634610537.no_device": "",
                            "block_device_mappings.1634610537.virtual_name": "ephemeral0",
                            "block_device_mappings.2547816212.device_name": "/dev/sda1",
                            "block_device_mappings.2547816212.ebs.%": "6",
                            "block_device_mappings.2547816212.ebs.delete_on_termination": "true",
                            "block_device_mappings.2547816212.ebs.encrypted": "false",
                            "block_device_mappings.2547816212.ebs.iops": "0",
                            "block_device_mappings.2547816212.ebs.snapshot_id": "snap-06396eb1b7eaeae20",
                            "block_device_mappings.2547816212.ebs.volume_size": "8",
                            "block_device_mappings.2547816212.ebs.volume_type": "gp2",
                            "block_device_mappings.2547816212.no_device": "",
                            "block_device_mappings.2547816212.virtual_name": "",
                            "block_device_mappings.3850042718.device_name": "/dev/sdc",
                            "block_device_mappings.3850042718.ebs.%": "0",
                            "block_device_mappings.3850042718.no_device": "",
                            "block_device_mappings.3850042718.virtual_name": "ephemeral1",
                            "creation_date": "2019-11-19T19:42:45.000Z",
                            "description": "Canonical, Ubuntu, 16.04 LTS, amd64 xenial image build on 2019-11-14",
                            "filter.#": "2",
                            "filter.490168357.name": "virtualization-type",
                            "filter.490168357.values.#": "1",
                            "filter.490168357.values.0": "hvm",
                            "filter.73304106.name": "name",
                            "filter.73304106.values.#": "1",
                            "filter.73304106.values.0": "ubuntu/images/hvm-ssd/ubuntu-xenial-16.04-amd64-*",
                            "hypervisor": "xen",
                            "id": "ami-09f9d773751b9d606",
                            "image_id": "ami-09f9d773751b9d606",
                            "image_location": "099720109477/ubuntu/images/hvm-ssd/ubuntu-xenial-16.04-amd64-server-20191114",
                            "image_type": "machine",
                            "most_recent": "true",
                            "name": "ubuntu/images/hvm-ssd/ubuntu-xenial-16.04-amd64-server-20191114",
                            "owner_id": "099720109477",
                            "owners.#": "1",
                            "owners.0": "099720109477",
                            "product_codes.#": "0",
                            "public": "true",
                            "root_device_name": "/dev/sda1",
                            "root_device_type": "ebs",
                            "root_snapshot_id": "snap-06396eb1b7eaeae20",
                            "sriov_net_support": "simple",
                            "state": "available",
                            "state_reason.%": "2",
                            "state_reason.code": "UNSET",
                            "state_reason.message": "UNSET",
                            "tags.%": "0",
                            "virtualization_type": "hvm"
                        },
                        "meta": {},
                        "tainted": false
                    },
                    "deposed": [],
                    "provider": "provider.aws"
                },
                "data.aws_availability_zones.available": {
                    "type": "aws_availability_zones",
                    "depends_on": [],
                    "primary": {
                        "id": "2020-01-13 12:11:18.85565 +0000 UTC",
                        "attributes": {
                            "id": "2020-01-13 12:11:18.85565 +0000 UTC",
                            "names.#": "6",
                            "names.0": "us-east-1a",
                            "names.1": "us-east-1b",
                            "names.2": "us-east-1c",
                            "names.3": "us-east-1d",
                            "names.4": "us-east-1e",
                            "names.5": "us-east-1f",
                            "zone_ids.#": "6",
                            "zone_ids.0": "use1-az2",
                            "zone_ids.1": "use1-az4",
                            "zone_ids.2": "use1-az6",
                            "zone_ids.3": "use1-az1",
                            "zone_ids.4": "use1-az3",
                            "zone_ids.5": "use1-az5"
                        },
                        "meta": {},
                        "tainted": false
                    },
                    "deposed": [],
                    "provider": "provider.aws"
                },
                "data.template_file.inventory": {
                    "type": "template_file",
                    "depends_on": [
                        "aws_instance.k8s-master.*",
                        "aws_instance.k8s-worker.*",
                        "module.aws-elb"
                    ],
                    "primary": {
                        "id": "f5b6b3058a8596f0ec9031fcc0e5a42460e08c8a485141ba3fac9ca8984fb5c3",
                        "attributes": {
                            "id": "f5b6b3058a8596f0ec9031fcc0e5a42460e08c8a485141ba3fac9ca8984fb5c3",
                            "rendered": "[all]\nkubernetes-myk8scluster-master0 ansible_host=18.207.197.149\nkubernetes-myk8scluster-worker0 ansible_host=52.23.248.60\n\n[kube-master]\nkubernetes-myk8scluster-master0\n\n\n[kube-node]\nkubernetes-myk8scluster-worker0\n\n\n[k8s-cluster:children]\nkube-node\nkube-master\n\n[k8s-cluster:vars]\napiserver_loadbalancer_domain_name=\"kubernetes-elb-myk8scluster-936138238.us-east-1.elb.amazonaws.com\"\napi_port=\"6443\"\n",
                            "template": "[all]\n${connection_strings_master}\n${connection_strings_node}\n\n[kube-master]\n${list_master}\n\n\n[kube-node]\n${list_node}\n\n\n[k8s-cluster:children]\nkube-node\nkube-master\n\n[k8s-cluster:vars]\n${elb_api_fqdn}\n${api_port}\n",
                            "vars.%": "6",
                            "vars.api_port": "api_port=\"6443\"",
                            "vars.connection_strings_master": "kubernetes-myk8scluster-master0 ansible_host=18.207.197.149",
                            "vars.connection_strings_node": "kubernetes-myk8scluster-worker0 ansible_host=52.23.248.60",
                            "vars.elb_api_fqdn": "apiserver_loadbalancer_domain_name=\"kubernetes-elb-myk8scluster-936138238.us-east-1.elb.amazonaws.com\"",
                            "vars.list_master": "kubernetes-myk8scluster-master0",
                            "vars.list_node": "kubernetes-myk8scluster-worker0"
                        },
                        "meta": {},
                        "tainted": false
                    },
                    "deposed": [],
                    "provider": "provider.template"
                },
                "null_resource.inventories": {
                    "type": "null_resource",
                    "depends_on": [
                        "data.template_file.inventory"
                    ],
                    "primary": {
                        "id": "5443808201936246815",
                        "attributes": {
                            "id": "5443808201936246815",
                            "triggers.%": "1",
                            "triggers.template": "[all]\nkubernetes-myk8scluster-master0 ansible_host=18.207.197.149\nkubernetes-myk8scluster-worker0 ansible_host=52.23.248.60\n\n[kube-master]\nkubernetes-myk8scluster-master0\n\n\n[kube-node]\nkubernetes-myk8scluster-worker0\n\n\n[k8s-cluster:children]\nkube-node\nkube-master\n\n[k8s-cluster:vars]\napiserver_loadbalancer_domain_name=\"kubernetes-elb-myk8scluster-936138238.us-east-1.elb.amazonaws.com\"\napi_port=\"6443\"\n"
                        },
                        "meta": {},
                        "tainted": false
                    },
                    "deposed": [],
                    "provider": "provider.null"
                }
            },
            "depends_on": []
        },
        {
            "path": [
                "root",
                "aws-elb"
            ],
            "outputs": {
                "aws_elb_api_fqdn": {
                    "sensitive": false,
                    "type": "string",
                    "value": "kubernetes-elb-myk8scluster-936138238.us-east-1.elb.amazonaws.com"
                },
                "aws_elb_api_id": {
                    "sensitive": false,
                    "type": "string",
                    "value": "kubernetes-elb-myk8scluster"
                },
                "aws_elb_api_sg": {
                    "sensitive": false,
                    "type": "string",
                    "value": "sg-0b339008a00d6c9c5"
                }
            },
            "resources": {
                "aws_elb.aws-elb-api": {
                    "type": "aws_elb",
                    "depends_on": [
                        "aws_security_group.aws-elb"
                    ],
                    "primary": {
                        "id": "kubernetes-elb-myk8scluster",
                        "attributes": {
                            "access_logs.#": "0",
                            "arn": "arn:aws:elasticloadbalancing:us-east-1:847840819161:loadbalancer/kubernetes-elb-myk8scluster",
                            "availability_zones.#": "3",
                            "availability_zones.1305112097": "us-east-1b",
                            "availability_zones.3569565595": "us-east-1a",
                            "availability_zones.986537655": "us-east-1c",
                            "connection_draining": "true",
                            "connection_draining_timeout": "400",
                            "cross_zone_load_balancing": "true",
                            "dns_name": "kubernetes-elb-myk8scluster-936138238.us-east-1.elb.amazonaws.com",
                            "health_check.#": "1",
                            "health_check.0.healthy_threshold": "2",
                            "health_check.0.interval": "30",
                            "health_check.0.target": "TCP:6443",
                            "health_check.0.timeout": "3",
                            "health_check.0.unhealthy_threshold": "2",
                            "id": "kubernetes-elb-myk8scluster",
                            "idle_timeout": "400",
                            "instances.#": "0",
                            "internal": "false",
                            "listener.#": "1",
                            "listener.3838681924.instance_port": "6443",
                            "listener.3838681924.instance_protocol": "tcp",
                            "listener.3838681924.lb_port": "6443",
                            "listener.3838681924.lb_protocol": "tcp",
                            "listener.3838681924.ssl_certificate_id": "",
                            "name": "kubernetes-elb-myk8scluster",
                            "security_groups.#": "1",
                            "security_groups.1810629491": "sg-0b339008a00d6c9c5",
                            "source_security_group": "847840819161/kubernetes-myk8scluster-securitygroup-elb",
                            "source_security_group_id": "sg-0b339008a00d6c9c5",
                            "subnets.#": "3",
                            "subnets.1278725701": "subnet-0629aa98b35f9f11c",
                            "subnets.2404364922": "subnet-0119c122f33f8b061",
                            "subnets.309529960": "subnet-0216db73f4fb9d0be",
                            "tags.%": "1",
                            "tags.Name": "kubernetes-myk8scluster-elb-api",
                            "zone_id": "Z35SXDOTRQ7X7K"
                        },
                        "meta": {},
                        "tainted": false
                    },
                    "deposed": [],
                    "provider": "provider.aws"
                },
                "aws_security_group.aws-elb": {
                    "type": "aws_security_group",
                    "depends_on": [],
                    "primary": {
                        "id": "sg-0b339008a00d6c9c5",
                        "attributes": {
                            "arn": "arn:aws:ec2:us-east-1:847840819161:security-group/sg-0b339008a00d6c9c5",
                            "description": "Managed by Terraform",
                            "egress.#": "0",
                            "id": "sg-0b339008a00d6c9c5",
                            "ingress.#": "0",
                            "name": "kubernetes-myk8scluster-securitygroup-elb",
                            "owner_id": "847840819161",
                            "revoke_rules_on_delete": "false",
                            "tags.%": "1",
                            "tags.Name": "kubernetes-myk8scluster-securitygroup-elb",
                            "vpc_id": "vpc-03c4602168edacb9b"
                        },
                        "meta": {
                            "e2bfb730-ecaa-11e6-8f88-34363bc7c4c0": {
                                "create": 600000000000,
                                "delete": 600000000000
                            },
                            "schema_version": "1"
                        },
                        "tainted": false
                    },
                    "deposed": [],
                    "provider": "provider.aws"
                },
                "aws_security_group_rule.aws-allow-api-access": {
                    "type": "aws_security_group_rule",
                    "depends_on": [
                        "aws_security_group.aws-elb"
                    ],
                    "primary": {
                        "id": "sgrule-2431495281",
                        "attributes": {
                            "cidr_blocks.#": "2",
                            "cidr_blocks.0": "54.175.7.230/32",
                            "cidr_blocks.1": "186.118.15.221/32",
                            "from_port": "6443",
                            "id": "sgrule-2431495281",
                            "protocol": "tcp",
                            "security_group_id": "sg-0b339008a00d6c9c5",
                            "self": "false",
                            "to_port": "6443",
                            "type": "ingress"
                        },
                        "meta": {
                            "schema_version": "2"
                        },
                        "tainted": false
                    },
                    "deposed": [],
                    "provider": "provider.aws"
                },
                "aws_security_group_rule.aws-allow-api-egress": {
                    "type": "aws_security_group_rule",
                    "depends_on": [
                        "aws_security_group.aws-elb"
                    ],
                    "primary": {
                        "id": "sgrule-2305164158",
                        "attributes": {
                            "cidr_blocks.#": "1",
                            "cidr_blocks.0": "0.0.0.0/0",
                            "from_port": "0",
                            "id": "sgrule-2305164158",
                            "protocol": "tcp",
                            "security_group_id": "sg-0b339008a00d6c9c5",
                            "self": "false",
                            "to_port": "65535",
                            "type": "egress"
                        },
                        "meta": {
                            "schema_version": "2"
                        },
                        "tainted": false
                    },
                    "deposed": [],
                    "provider": "provider.aws"
                }
            },
            "depends_on": []
        },
        {
            "path": [
                "root",
                "aws-iam"
            ],
            "outputs": {
                "kube-master-profile": {
                    "sensitive": false,
                    "type": "string",
                    "value": "kube_myk8scluster_master_profile"
                },
                "kube-worker-profile": {
                    "sensitive": false,
                    "type": "string",
                    "value": "kube_myk8scluster_node_profile"
                }
            },
            "resources": {
                "aws_iam_instance_profile.kube-master": {
                    "type": "aws_iam_instance_profile",
                    "depends_on": [
                        "aws_iam_role.kube-master"
                    ],
                    "primary": {
                        "id": "kube_myk8scluster_master_profile",
                        "attributes": {
                            "arn": "arn:aws:iam::847840819161:instance-profile/kube_myk8scluster_master_profile",
                            "create_date": "2020-01-13T12:11:27Z",
                            "id": "kube_myk8scluster_master_profile",
                            "name": "kube_myk8scluster_master_profile",
                            "path": "/",
                            "role": "kubernetes-myk8scluster-master",
                            "roles.#": "0",
                            "unique_id": "AIPA4KZ2AG7MUYWBDO4DU"
                        },
                        "meta": {},
                        "tainted": false
                    },
                    "deposed": [],
                    "provider": "provider.aws"
                },
                "aws_iam_instance_profile.kube-worker": {
                    "type": "aws_iam_instance_profile",
                    "depends_on": [
                        "aws_iam_role.kube-worker"
                    ],
                    "primary": {
                        "id": "kube_myk8scluster_node_profile",
                        "attributes": {
                            "arn": "arn:aws:iam::847840819161:instance-profile/kube_myk8scluster_node_profile",
                            "create_date": "2020-01-13T12:11:27Z",
                            "id": "kube_myk8scluster_node_profile",
                            "name": "kube_myk8scluster_node_profile",
                            "path": "/",
                            "role": "kubernetes-myk8scluster-node",
                            "roles.#": "0",
                            "unique_id": "AIPA4KZ2AG7MZYAEZM4RC"
                        },
                        "meta": {},
                        "tainted": false
                    },
                    "deposed": [],
                    "provider": "provider.aws"
                },
                "aws_iam_role.kube-master": {
                    "type": "aws_iam_role",
                    "depends_on": [],
                    "primary": {
                        "id": "kubernetes-myk8scluster-master",
                        "attributes": {
                            "arn": "arn:aws:iam::847840819161:role/kubernetes-myk8scluster-master",
                            "assume_role_policy": "{\"Version\":\"2012-10-17\",\"Statement\":[{\"Effect\":\"Allow\",\"Principal\":{\"Service\":\"ec2.amazonaws.com\"},\"Action\":\"sts:AssumeRole\"}]}",
                            "create_date": "2020-01-13T12:11:26Z",
                            "description": "",
                            "force_detach_policies": "false",
                            "id": "kubernetes-myk8scluster-master",
                            "max_session_duration": "3600",
                            "name": "kubernetes-myk8scluster-master",
                            "path": "/",
                            "tags.%": "0",
                            "unique_id": "AROA4KZ2AG7MZ76OXWBRX"
                        },
                        "meta": {},
                        "tainted": false
                    },
                    "deposed": [],
                    "provider": "provider.aws"
                },
                "aws_iam_role.kube-worker": {
                    "type": "aws_iam_role",
                    "depends_on": [],
                    "primary": {
                        "id": "kubernetes-myk8scluster-node",
                        "attributes": {
                            "arn": "arn:aws:iam::847840819161:role/kubernetes-myk8scluster-node",
                            "assume_role_policy": "{\"Version\":\"2012-10-17\",\"Statement\":[{\"Effect\":\"Allow\",\"Principal\":{\"Service\":\"ec2.amazonaws.com\"},\"Action\":\"sts:AssumeRole\"}]}",
                            "create_date": "2020-01-13T12:11:26Z",
                            "description": "",
                            "force_detach_policies": "false",
                            "id": "kubernetes-myk8scluster-node",
                            "max_session_duration": "3600",
                            "name": "kubernetes-myk8scluster-node",
                            "path": "/",
                            "tags.%": "0",
                            "unique_id": "AROA4KZ2AG7MRJESQI7KQ"
                        },
                        "meta": {},
                        "tainted": false
                    },
                    "deposed": [],
                    "provider": "provider.aws"
                },
                "aws_iam_role_policy.kube-master": {
                    "type": "aws_iam_role_policy",
                    "depends_on": [
                        "aws_iam_role.kube-master"
                    ],
                    "primary": {
                        "id": "kubernetes-myk8scluster-master:kubernetes-myk8scluster-master",
                        "attributes": {
                            "id": "kubernetes-myk8scluster-master:kubernetes-myk8scluster-master",
                            "name": "kubernetes-myk8scluster-master",
                            "policy": "{\n  \"Version\": \"2012-10-17\",\n  \"Statement\": [\n    {\n      \"Effect\": \"Allow\",\n      \"Action\": [\"ec2:*\"],\n      \"Resource\": [\"*\"]\n    },\n    {\n      \"Effect\": \"Allow\",\n      \"Action\": [\"elasticloadbalancing:*\"],\n      \"Resource\": [\"*\"]\n    },\n    {\n      \"Effect\": \"Allow\",\n      \"Action\": [\"route53:*\"],\n      \"Resource\": [\"*\"]\n    },\n    {\n      \"Effect\": \"Allow\",\n      \"Action\": \"s3:*\",\n      \"Resource\": [\n        \"arn:aws:s3:::kubernetes-*\"\n      ]\n    }\n  ]\n}\n",
                            "role": "kubernetes-myk8scluster-master"
                        },
                        "meta": {},
                        "tainted": false
                    },
                    "deposed": [],
                    "provider": "provider.aws"
                },
                "aws_iam_role_policy.kube-worker": {
                    "type": "aws_iam_role_policy",
                    "depends_on": [
                        "aws_iam_role.kube-worker"
                    ],
                    "primary": {
                        "id": "kubernetes-myk8scluster-node:kubernetes-myk8scluster-node",
                        "attributes": {
                            "id": "kubernetes-myk8scluster-node:kubernetes-myk8scluster-node",
                            "name": "kubernetes-myk8scluster-node",
                            "policy": "{\n  \"Version\": \"2012-10-17\",\n  \"Statement\": [\n        {\n          \"Effect\": \"Allow\",\n          \"Action\": \"s3:*\",\n          \"Resource\": [\n            \"arn:aws:s3:::kubernetes-*\"\n          ]\n        },\n        {\n          \"Effect\": \"Allow\",\n          \"Action\": \"ec2:Describe*\",\n          \"Resource\": \"*\"\n        },\n        {\n          \"Effect\": \"Allow\",\n          \"Action\": \"ec2:AttachVolume\",\n          \"Resource\": \"*\"\n        },\n        {\n          \"Effect\": \"Allow\",\n          \"Action\": \"ec2:DetachVolume\",\n          \"Resource\": \"*\"\n        },\n        {\n          \"Effect\": \"Allow\",\n          \"Action\": [\"route53:*\"],\n          \"Resource\": [\"*\"]\n        },\n        {\n          \"Effect\": \"Allow\",\n          \"Action\": [\n            \"ecr:GetAuthorizationToken\",\n            \"ecr:BatchCheckLayerAvailability\",\n            \"ecr:GetDownloadUrlForLayer\",\n            \"ecr:GetRepositoryPolicy\",\n            \"ecr:DescribeRepositories\",\n            \"ecr:ListImages\",\n            \"ecr:BatchGetImage\"\n          ],\n          \"Resource\": \"*\"\n        }\n      ]\n}\n",
                            "role": "kubernetes-myk8scluster-node"
                        },
                        "meta": {},
                        "tainted": false
                    },
                    "deposed": [],
                    "provider": "provider.aws"
                }
            },
            "depends_on": []
        },
        {
            "path": [
                "root",
                "aws-vpc"
            ],
            "outputs": {
                "aws_security_group": {
                    "sensitive": false,
                    "type": "list",
                    "value": [
                        "sg-0d63ab52f57a14652"
                    ]
                },
                "aws_subnet_ids_private": {
                    "sensitive": false,
                    "type": "list",
                    "value": [
                        "subnet-0216db73f4fb9d0be",
                        "subnet-0119c122f33f8b061",
                        "subnet-0629aa98b35f9f11c"
                    ]
                },
                "aws_subnet_ids_public": {
                    "sensitive": false,
                    "type": "list",
                    "value": [
                        "subnet-0216db73f4fb9d0be",
                        "subnet-0119c122f33f8b061",
                        "subnet-0629aa98b35f9f11c"
                    ]
                },
                "aws_vpc_id": {
                    "sensitive": false,
                    "type": "string",
                    "value": "vpc-03c4602168edacb9b"
                },
                "default_tags": {
                    "sensitive": false,
                    "type": "map",
                    "value": {}
                }
            },
            "resources": {
                "aws_internet_gateway.cluster-vpc-internetgw": {
                    "type": "aws_internet_gateway",
                    "depends_on": [
                        "aws_vpc.cluster-vpc"
                    ],
                    "primary": {
                        "id": "igw-0adda0109b891ad48",
                        "attributes": {
                            "id": "igw-0adda0109b891ad48",
                            "owner_id": "847840819161",
                            "tags.%": "1",
                            "tags.Name": "kubernetes-myk8scluster-internetgw",
                            "vpc_id": "vpc-03c4602168edacb9b"
                        },
                        "meta": {},
                        "tainted": false
                    },
                    "deposed": [],
                    "provider": "provider.aws"
                },
                "aws_route_table.kubernetes-private.0": {
                    "type": "aws_route_table",
                    "depends_on": [
                        "aws_internet_gateway.cluster-vpc-internetgw",
                        "aws_vpc.cluster-vpc"
                    ],
                    "primary": {
                        "id": "rtb-0063b39a4e15dcfd1",
                        "attributes": {
                            "id": "rtb-0063b39a4e15dcfd1",
                            "owner_id": "847840819161",
                            "propagating_vgws.#": "0",
                            "route.#": "1",
                            "route.960524774.cidr_block": "0.0.0.0/0",
                            "route.960524774.egress_only_gateway_id": "",
                            "route.960524774.gateway_id": "igw-0adda0109b891ad48",
                            "route.960524774.instance_id": "",
                            "route.960524774.ipv6_cidr_block": "",
                            "route.960524774.nat_gateway_id": "",
                            "route.960524774.network_interface_id": "",
                            "route.960524774.transit_gateway_id": "",
                            "route.960524774.vpc_peering_connection_id": "",
                            "tags.%": "1",
                            "tags.Name": "kubernetes-myk8scluster-routetable-private-0",
                            "vpc_id": "vpc-03c4602168edacb9b"
                        },
                        "meta": {},
                        "tainted": false
                    },
                    "deposed": [],
                    "provider": "provider.aws"
                },
                "aws_route_table.kubernetes-private.1": {
                    "type": "aws_route_table",
                    "depends_on": [
                        "aws_internet_gateway.cluster-vpc-internetgw",
                        "aws_vpc.cluster-vpc"
                    ],
                    "primary": {
                        "id": "rtb-0be057891a24dd398",
                        "attributes": {
                            "id": "rtb-0be057891a24dd398",
                            "owner_id": "847840819161",
                            "propagating_vgws.#": "0",
                            "route.#": "1",
                            "route.960524774.cidr_block": "0.0.0.0/0",
                            "route.960524774.egress_only_gateway_id": "",
                            "route.960524774.gateway_id": "igw-0adda0109b891ad48",
                            "route.960524774.instance_id": "",
                            "route.960524774.ipv6_cidr_block": "",
                            "route.960524774.nat_gateway_id": "",
                            "route.960524774.network_interface_id": "",
                            "route.960524774.transit_gateway_id": "",
                            "route.960524774.vpc_peering_connection_id": "",
                            "tags.%": "1",
                            "tags.Name": "kubernetes-myk8scluster-routetable-private-1",
                            "vpc_id": "vpc-03c4602168edacb9b"
                        },
                        "meta": {},
                        "tainted": false
                    },
                    "deposed": [],
                    "provider": "provider.aws"
                },
                "aws_route_table.kubernetes-private.2": {
                    "type": "aws_route_table",
                    "depends_on": [
                        "aws_internet_gateway.cluster-vpc-internetgw",
                        "aws_vpc.cluster-vpc"
                    ],
                    "primary": {
                        "id": "rtb-092fa91dba4632da6",
                        "attributes": {
                            "id": "rtb-092fa91dba4632da6",
                            "owner_id": "847840819161",
                            "propagating_vgws.#": "0",
                            "route.#": "1",
                            "route.960524774.cidr_block": "0.0.0.0/0",
                            "route.960524774.egress_only_gateway_id": "",
                            "route.960524774.gateway_id": "igw-0adda0109b891ad48",
                            "route.960524774.instance_id": "",
                            "route.960524774.ipv6_cidr_block": "",
                            "route.960524774.nat_gateway_id": "",
                            "route.960524774.network_interface_id": "",
                            "route.960524774.transit_gateway_id": "",
                            "route.960524774.vpc_peering_connection_id": "",
                            "tags.%": "1",
                            "tags.Name": "kubernetes-myk8scluster-routetable-private-2",
                            "vpc_id": "vpc-03c4602168edacb9b"
                        },
                        "meta": {},
                        "tainted": false
                    },
                    "deposed": [],
                    "provider": "provider.aws"
                },
                "aws_route_table_association.kubernetes-private.0": {
                    "type": "aws_route_table_association",
                    "depends_on": [
                        "aws_route_table.kubernetes-private.*",
                        "aws_subnet.cluster-vpc-subnets-private.*"
                    ],
                    "primary": {
                        "id": "rtbassoc-05ab089faaab2c4f4",
                        "attributes": {
                            "id": "rtbassoc-05ab089faaab2c4f4",
                            "route_table_id": "rtb-0063b39a4e15dcfd1",
                            "subnet_id": "subnet-0216db73f4fb9d0be"
                        },
                        "meta": {},
                        "tainted": false
                    },
                    "deposed": [],
                    "provider": "provider.aws"
                },
                "aws_route_table_association.kubernetes-private.1": {
                    "type": "aws_route_table_association",
                    "depends_on": [
                        "aws_route_table.kubernetes-private.*",
                        "aws_subnet.cluster-vpc-subnets-private.*"
                    ],
                    "primary": {
                        "id": "rtbassoc-08116c4f9c835bac0",
                        "attributes": {
                            "id": "rtbassoc-08116c4f9c835bac0",
                            "route_table_id": "rtb-0be057891a24dd398",
                            "subnet_id": "subnet-0119c122f33f8b061"
                        },
                        "meta": {},
                        "tainted": false
                    },
                    "deposed": [],
                    "provider": "provider.aws"
                },
                "aws_route_table_association.kubernetes-private.2": {
                    "type": "aws_route_table_association",
                    "depends_on": [
                        "aws_route_table.kubernetes-private.*",
                        "aws_subnet.cluster-vpc-subnets-private.*"
                    ],
                    "primary": {
                        "id": "rtbassoc-0a8f558ec4ae14d34",
                        "attributes": {
                            "id": "rtbassoc-0a8f558ec4ae14d34",
                            "route_table_id": "rtb-092fa91dba4632da6",
                            "subnet_id": "subnet-0629aa98b35f9f11c"
                        },
                        "meta": {},
                        "tainted": false
                    },
                    "deposed": [],
                    "provider": "provider.aws"
                },
                "aws_security_group.kubernetes": {
                    "type": "aws_security_group",
                    "depends_on": [
                        "aws_vpc.cluster-vpc"
                    ],
                    "primary": {
                        "id": "sg-0d63ab52f57a14652",
                        "attributes": {
                            "arn": "arn:aws:ec2:us-east-1:847840819161:security-group/sg-0d63ab52f57a14652",
                            "description": "Managed by Terraform",
                            "egress.#": "0",
                            "id": "sg-0d63ab52f57a14652",
                            "ingress.#": "0",
                            "name": "kubernetes-myk8scluster-securitygroup",
                            "owner_id": "847840819161",
                            "revoke_rules_on_delete": "false",
                            "tags.%": "1",
                            "tags.Name": "kubernetes-myk8scluster-securitygroup",
                            "vpc_id": "vpc-03c4602168edacb9b"
                        },
                        "meta": {
                            "e2bfb730-ecaa-11e6-8f88-34363bc7c4c0": {
                                "create": 600000000000,
                                "delete": 600000000000
                            },
                            "schema_version": "1"
                        },
                        "tainted": false
                    },
                    "deposed": [],
                    "provider": "provider.aws"
                },
                "aws_security_group_rule.allow-all-egress": {
                    "type": "aws_security_group_rule",
                    "depends_on": [
                        "aws_security_group.kubernetes"
                    ],
                    "primary": {
                        "id": "sgrule-1148062806",
                        "attributes": {
                            "cidr_blocks.#": "1",
                            "cidr_blocks.0": "0.0.0.0/0",
                            "from_port": "0",
                            "id": "sgrule-1148062806",
                            "protocol": "-1",
                            "security_group_id": "sg-0d63ab52f57a14652",
                            "self": "false",
                            "to_port": "65535",
                            "type": "egress"
                        },
                        "meta": {
                            "schema_version": "2"
                        },
                        "tainted": false
                    },
                    "deposed": [],
                    "provider": "provider.aws"
                },
                "aws_security_group_rule.allow-all-ingress": {
                    "type": "aws_security_group_rule",
                    "depends_on": [
                        "aws_security_group.kubernetes"
                    ],
                    "primary": {
                        "id": "sgrule-491365722",
                        "attributes": {
                            "cidr_blocks.#": "1",
                            "cidr_blocks.0": "10.250.0.0/16",
                            "from_port": "0",
                            "id": "sgrule-491365722",
                            "protocol": "-1",
                            "security_group_id": "sg-0d63ab52f57a14652",
                            "self": "false",
                            "to_port": "65535",
                            "type": "ingress"
                        },
                        "meta": {
                            "schema_version": "2"
                        },
                        "tainted": false
                    },
                    "deposed": [],
                    "provider": "provider.aws"
                },
                "aws_security_group_rule.allow-ssh-connections": {
                    "type": "aws_security_group_rule",
                    "depends_on": [
                        "aws_security_group.kubernetes"
                    ],
                    "primary": {
                        "id": "sgrule-267749095",
                        "attributes": {
                            "cidr_blocks.#": "2",
                            "cidr_blocks.0": "54.175.7.230/32",
                            "cidr_blocks.1": "186.118.15.221/32",
                            "from_port": "22",
                            "id": "sgrule-267749095",
                            "protocol": "tcp",
                            "security_group_id": "sg-0d63ab52f57a14652",
                            "self": "false",
                            "to_port": "22",
                            "type": "ingress"
                        },
                        "meta": {
                            "schema_version": "2"
                        },
                        "tainted": false
                    },
                    "deposed": [],
                    "provider": "provider.aws"
                },
                "aws_subnet.cluster-vpc-subnets-private.0": {
                    "type": "aws_subnet",
                    "depends_on": [
                        "aws_vpc.cluster-vpc"
                    ],
                    "primary": {
                        "id": "subnet-0216db73f4fb9d0be",
                        "attributes": {
                            "arn": "arn:aws:ec2:us-east-1:847840819161:subnet/subnet-0216db73f4fb9d0be",
                            "assign_ipv6_address_on_creation": "false",
                            "availability_zone": "us-east-1a",
                            "availability_zone_id": "use1-az2",
                            "cidr_block": "10.250.176.0/20",
                            "id": "subnet-0216db73f4fb9d0be",
                            "ipv6_cidr_block": "",
                            "ipv6_cidr_block_association_id": "",
                            "map_public_ip_on_launch": "false",
                            "owner_id": "847840819161",
                            "tags.%": "1",
                            "tags.Name": "kubernetes-myk8scluster-us-east-1a-private",
                            "vpc_id": "vpc-03c4602168edacb9b"
                        },
                        "meta": {
                            "e2bfb730-ecaa-11e6-8f88-34363bc7c4c0": {
                                "create": 600000000000,
                                "delete": 1200000000000
                            },
                            "schema_version": "1"
                        },
                        "tainted": false
                    },
                    "deposed": [],
                    "provider": "provider.aws"
                },
                "aws_subnet.cluster-vpc-subnets-private.1": {
                    "type": "aws_subnet",
                    "depends_on": [
                        "aws_vpc.cluster-vpc"
                    ],
                    "primary": {
                        "id": "subnet-0119c122f33f8b061",
                        "attributes": {
                            "arn": "arn:aws:ec2:us-east-1:847840819161:subnet/subnet-0119c122f33f8b061",
                            "assign_ipv6_address_on_creation": "false",
                            "availability_zone": "us-east-1b",
                            "availability_zone_id": "use1-az4",
                            "cidr_block": "10.250.192.0/20",
                            "id": "subnet-0119c122f33f8b061",
                            "ipv6_cidr_block": "",
                            "ipv6_cidr_block_association_id": "",
                            "map_public_ip_on_launch": "false",
                            "owner_id": "847840819161",
                            "tags.%": "1",
                            "tags.Name": "kubernetes-myk8scluster-us-east-1b-private",
                            "vpc_id": "vpc-03c4602168edacb9b"
                        },
                        "meta": {
                            "e2bfb730-ecaa-11e6-8f88-34363bc7c4c0": {
                                "create": 600000000000,
                                "delete": 1200000000000
                            },
                            "schema_version": "1"
                        },
                        "tainted": false
                    },
                    "deposed": [],
                    "provider": "provider.aws"
                },
                "aws_subnet.cluster-vpc-subnets-private.2": {
                    "type": "aws_subnet",
                    "depends_on": [
                        "aws_vpc.cluster-vpc"
                    ],
                    "primary": {
                        "id": "subnet-0629aa98b35f9f11c",
                        "attributes": {
                            "arn": "arn:aws:ec2:us-east-1:847840819161:subnet/subnet-0629aa98b35f9f11c",
                            "assign_ipv6_address_on_creation": "false",
                            "availability_zone": "us-east-1c",
                            "availability_zone_id": "use1-az6",
                            "cidr_block": "10.250.208.0/20",
                            "id": "subnet-0629aa98b35f9f11c",
                            "ipv6_cidr_block": "",
                            "ipv6_cidr_block_association_id": "",
                            "map_public_ip_on_launch": "false",
                            "owner_id": "847840819161",
                            "tags.%": "1",
                            "tags.Name": "kubernetes-myk8scluster-us-east-1c-private",
                            "vpc_id": "vpc-03c4602168edacb9b"
                        },
                        "meta": {
                            "e2bfb730-ecaa-11e6-8f88-34363bc7c4c0": {
                                "create": 600000000000,
                                "delete": 1200000000000
                            },
                            "schema_version": "1"
                        },
                        "tainted": false
                    },
                    "deposed": [],
                    "provider": "provider.aws"
                },
                "aws_vpc.cluster-vpc": {
                    "type": "aws_vpc",
                    "depends_on": [],
                    "primary": {
                        "id": "vpc-03c4602168edacb9b",
                        "attributes": {
                            "arn": "arn:aws:ec2:us-east-1:847840819161:vpc/vpc-03c4602168edacb9b",
                            "assign_generated_ipv6_cidr_block": "false",
                            "cidr_block": "10.250.0.0/16",
                            "default_network_acl_id": "acl-0cb87717a680554e2",
                            "default_route_table_id": "rtb-0787785ac4fd39e02",
                            "default_security_group_id": "sg-0c18a8a48b592bdc2",
                            "dhcp_options_id": "dopt-4cb3aa2e",
                            "enable_classiclink": "false",
                            "enable_classiclink_dns_support": "false",
                            "enable_dns_hostnames": "true",
                            "enable_dns_support": "true",
                            "id": "vpc-03c4602168edacb9b",
                            "instance_tenancy": "default",
                            "ipv6_association_id": "",
                            "ipv6_cidr_block": "",
                            "main_route_table_id": "rtb-0787785ac4fd39e02",
                            "owner_id": "847840819161",
                            "tags.%": "1",
                            "tags.Name": "kubernetes-myk8scluster-vpc"
                        },
                        "meta": {
                            "schema_version": "1"
                        },
                        "tainted": false
                    },
                    "deposed": [],
                    "provider": "provider.aws"
                }
            },
            "depends_on": []
        }
    ]
}
